
Microsoft Visual Studio Solution File, Format Version 12.00
Project("{FAE04EC0-301F-11D3-BF4B-00C04F79EFBC}") = "WpfApp1", "WpfApp1\WpfApp1.csproj", "{193D31FE-B622-423D-B026-5A8B49490D98}"
EndProject
Project("{FAE04EC0-301F-11D3-BF4B-00C04F79EFBC}") = "Trapezoid", "TrapezoidShape\Trapezoid\Trapezoid\Trapezoid.csproj", "{86E2845C-11C3-4B0F-ACDD-6B1FC09F20A5}"
EndProject
Global
	GlobalSection(SolutionConfigurationPlatforms) = preSolution
		Debug|Any CPU = Debug|Any CPU
		Release|Any CPU = Release|Any CPU
	EndGlobalSection
	GlobalSection(ProjectConfigurationPlatforms) = postSolution
		{193D31FE-B622-423D-B026-5A8B49490D98}.Debug|Any CPU.ActiveCfg = Debug|Any CPU
		{193D31FE-B622-423D-B026-5A8B49490D98}.Debug|Any CPU.Build.0 = Debug|Any CPU
		{193D31FE-B622-423D-B026-5A8B49490D98}.Release|Any CPU.ActiveCfg = Release|Any CPU
		{193D31FE-B622-423D-B026-5A8B49490D98}.Release|Any CPU.Build.0 = Release|Any CPU
		{86E2845C-11C3-4B0F-ACDD-6B1FC09F20A5}.Debug|Any CPU.ActiveCfg = Debug|Any CPU
		{86E2845C-11C3-4B0F-ACDD-6B1FC09F20A5}.Debug|Any CPU.Build.0 = Debug|Any CPU
		{86E2845C-11C3-4B0F-ACDD-6B1FC09F20A5}.Release|Any CPU.ActiveCfg = Release|Any CPU
		{86E2845C-11C3-4B0F-ACDD-6B1FC09F20A5}.Release|Any CPU.Build.0 = Release|Any CPU
	EndGlobalSection
EndGlobal
